
Microsoft Visual Studio Solution File, Format Version 12.00
# Visual Studio Version 16
VisualStudioVersion = 16.0.30413.136
MinimumVisualStudioVersion = 10.0.40219.1
Project("{9A19103F-16F7-4668-BE54-9A1E7A4F7556}") = "MCMarket.Server", "src\MCMarket.Server\MCMarket.Server.csproj", "{DEA70DF5-C27A-44F9-A71F-182A80697C9D}"
EndProject
Project("{FAE04EC0-301F-11D3-BF4B-00C04F79EFBC}") = "MCMarket.Core", "src\MCMarket.Core\MCMarket.Core\MCMarket.Core.csproj", "{E7DA9551-38D2-4001-9F82-A41E6CF5427F}"
EndProject
Project("{FAE04EC0-301F-11D3-BF4B-00C04F79EFBC}") = "MCMarket.Tests", "src\MCMarket.Tests\MCMarket.Tests\MCMarket.Tests.csproj", "{D088834F-C671-4B9E-A0B1-1E8F5230D29E}"
EndProject
Global
	GlobalSection(SolutionConfigurationPlatforms) = preSolution
		Debug|Any CPU = Debug|Any CPU
		Release|Any CPU = Release|Any CPU
	EndGlobalSection
	GlobalSection(ProjectConfigurationPlatforms) = postSolution
		{DEA70DF5-C27A-44F9-A71F-182A80697C9D}.Debug|Any CPU.ActiveCfg = Debug|Any CPU
		{DEA70DF5-C27A-44F9-A71F-182A80697C9D}.Debug|Any CPU.Build.0 = Debug|Any CPU
		{DEA70DF5-C27A-44F9-A71F-182A80697C9D}.Release|Any CPU.ActiveCfg = Release|Any CPU
		{DEA70DF5-C27A-44F9-A71F-182A80697C9D}.Release|Any CPU.Build.0 = Release|Any CPU
		{E7DA9551-38D2-4001-9F82-A41E6CF5427F}.Debug|Any CPU.ActiveCfg = Debug|Any CPU
		{E7DA9551-38D2-4001-9F82-A41E6CF5427F}.Debug|Any CPU.Build.0 = Debug|Any CPU
		{E7DA9551-38D2-4001-9F82-A41E6CF5427F}.Release|Any CPU.ActiveCfg = Release|Any CPU
		{E7DA9551-38D2-4001-9F82-A41E6CF5427F}.Release|Any CPU.Build.0 = Release|Any CPU
		{D088834F-C671-4B9E-A0B1-1E8F5230D29E}.Debug|Any CPU.ActiveCfg = Debug|Any CPU
		{D088834F-C671-4B9E-A0B1-1E8F5230D29E}.Debug|Any CPU.Build.0 = Debug|Any CPU
		{D088834F-C671-4B9E-A0B1-1E8F5230D29E}.Release|Any CPU.ActiveCfg = Release|Any CPU
		{D088834F-C671-4B9E-A0B1-1E8F5230D29E}.Release|Any CPU.Build.0 = Release|Any CPU
	EndGlobalSection
	GlobalSection(SolutionProperties) = preSolution
		HideSolutionNode = FALSE
	EndGlobalSection
	GlobalSection(ExtensibilityGlobals) = postSolution
		SolutionGuid = {7EAD7FEA-DB14-4AC3-9333-0A95AC773364}
	EndGlobalSection
EndGlobal
